
Microsoft Visual Studio Solution File, Format Version 12.00
# Visual Studio 15
VisualStudioVersion = 15.0.26730.16
MinimumVisualStudioVersion = 10.0.40219.1
Project("{FAE04EC0-301F-11D3-BF4B-00C04F79EFBC}") = "MvcMovie", "MvcMovie\MvcMovie.csproj", "{0DDC0F33-626A-4CA0-BFA8-2CDD2D07B477}"
EndProject
Global
	GlobalSection(SolutionConfigurationPlatforms) = preSolution
		Debug|Any CPU = Debug|Any CPU
		Release|Any CPU = Release|Any CPU
	EndGlobalSection
	GlobalSection(ProjectConfigurationPlatforms) = postSolution
		{0DDC0F33-626A-4CA0-BFA8-2CDD2D07B477}.Debug|Any CPU.ActiveCfg = Debug|Any CPU
		{0DDC0F33-626A-4CA0-BFA8-2CDD2D07B477}.Debug|Any CPU.Build.0 = Debug|Any CPU
		{0DDC0F33-626A-4CA0-BFA8-2CDD2D07B477}.Release|Any CPU.ActiveCfg = Release|Any CPU
		{0DDC0F33-626A-4CA0-BFA8-2CDD2D07B477}.Release|Any CPU.Build.0 = Release|Any CPU
	EndGlobalSection
	GlobalSection(SolutionProperties) = preSolution
		HideSolutionNode = FALSE
	EndGlobalSection
	GlobalSection(ExtensibilityGlobals) = postSolution
		SolutionGuid = {E49D0ABF-A28B-4C43-BD25-6EF023E0CE00}
	EndGlobalSection
EndGlobal
